{
  "version": 4,
  "terraform_version": "1.15.8",
  "serial": 7,
  "lineage": "b57c96cc-3ffd-9396-25c1-ba31ddaf47db",
  "outputs": {
    "api_local_url": {
      "value": "http://localhost:8080  (rode: kubectl -n oficina-wagyu port-forward svc/oficina-api 8080:80)",
      "type": "string"
    },
    "cluster_name": {
      "value": "oficina-wagyu",
      "type": "string"
    },
    "kubeconfig_path": {
      "value": "C:\\Users\\roger\\OneDrive\\Área de Trabalho\\FASE 2\\OficinaMecanicaWagyu-fase2-parcial\\OficinaMecanicaWagyu-main\\infra\\oficina-wagyu-config",
      "type": "string"
    },
    "namespace": {
      "value": "oficina-wagyu",
      "type": "string"
    }
  },
  "resources": [
    {
      "mode": "managed",
      "type": "kind_cluster",
      "name": "oficina",
      "provider": "provider[\"registry.terraform.io/tehcyx/kind\"]",
      "instances": [
        {
          "schema_version": 0,
          "attributes": {
            "client_certificate": "-----BEGIN CERTIFICATE-----\nMIIDKTCCAhGgAwIBAgIIFU/cFa5HHtQwDQYJKoZIhvcNAQELBQAwFTETMBEGA1UE\nAxMKa3ViZXJuZXRlczAeFw0yNjA4MTkwMTQ4MTRaFw0yNzA4MTkwMTUzMTRaMDwx\nHzAdBgNVBAoTFmt1YmVhZG06Y2x1c3Rlci1hZG1pbnMxGTAXBgNVBAMTEGt1YmVy\nbmV0ZXMtYWRtaW4wggEiMA0GCSqGSIb3DQEBAQUAA4IBDwAwggEKAoIBAQCx6N5p\nSwrSZ0qSZeEqUh+7YXx3b4l/9ZpTOTAxMnVxJ9EtS3UWRZNJsoKUbasBPfPa6WNr\np/t6AD6hJD8BO09SaSKEAzZn+C4WH5paZNAb4U8Uso1kNVAMewFppnoPoRgYNYjW\nhQeV6gjhA+a/W0T9bZ373xjmKxjwHq5Cb6Uvl7YbrGMrlioQspU0rgXwFQFvMxH7\n3IvszV3NtE0XTvxuo11x7GjX/wcDNKy2EKR+q9LO7+jyr5qTOE2Yr2TBO7vjAoTv\n2PBbBvqgeu3X1BOM7Xu104FmWut47MHeBZUWCsTdcUBeZ+8ENIF5o0lhFFwZfwjJ\nHnFJJmcqdwcM4svlAgMBAAGjVjBUMA4GA1UdDwEB/wQEAwIFoDATBgNVHSUEDDAK\nBggrBgEFBQcDAjAMBgNVHRMBAf8EAjAAMB8GA1UdIwQYMBaAFEd8Fywej4w9j6QZ\nVW/18pT6Y7IGMA0GCSqGSIb3DQEBCwUAA4IBAQBOdVliR5Tf3+xeXfZCOmTaSZwx\n/xQFky2yK6lhaJltlle60yfYU4qZClVi6NCSelGVlq1bobFzyBrSWgJ3onlrzwgL\nOVH/H9nR0CYvEhBLieEIv7BBXWpxE6FxgtCltjr28iSF3flS/3BPlXsuXALupJay\nrSbGjLjC01E/E+0BsSKHYOkX08H7YJI80G1fl76PB5LLzyn9DuAcz7GFnvlkgQ7H\n1qvC21hC8oU1Zdl7phfyYsnAZTGw6sYYT9uWEGD3gDHnJf8xVdOP35xrnfJmVEt8\nDZie2qQzUhDSfU7HubGDD24NVaJONvZB7G0y4eVOc1mJzPwGAd3krOevTvGh\n-----END CERTIFICATE-----\n",
            "client_key": "-----BEGIN RSA PRIVATE KEY-----\nMIIEogIBAAKCAQEAsejeaUsK0mdKkmXhKlIfu2F8d2+Jf/WaUzkwMTJ1cSfRLUt1\nFkWTSbKClG2rAT3z2ulja6f7egA+oSQ/ATtPUmkihAM2Z/guFh+aWmTQG+FPFLKN\nZDVQDHsBaaZ6D6EYGDWI1oUHleoI4QPmv1tE/W2d+98Y5isY8B6uQm+lL5e2G6xj\nK5YqELKVNK4F8BUBbzMR+9yL7M1dzbRNF078bqNdcexo1/8HAzSsthCkfqvSzu/o\n8q+akzhNmK9kwTu74wKE79jwWwb6oHrt19QTjO17tdOBZlrreOzB3gWVFgrE3XFA\nXmfvBDSBeaNJYRRcGX8IyR5xSSZnKncHDOLL5QIDAQABAoIBAAgZukbBC/UYjuSr\njt0GcDtv7OLjSTdyT1yKtg8HZSGJ1pRhYytob5RjdF6dv7OGxpupFMXKGEEt0aw0\noknEEZCHCPNJ0ihZvH91YOnMvU0HrTocByQQ6VwoHaBZ3CTqCNbRWTGrTPUeetkD\n/HWqCjIf05msRs30GGaWfwi3XKYWBszhnEbN+uw78tliiRKhDpzhCj0UTE47Qll0\nLajjzSecxRJGWIYG6NXQw2QHub9p58uD7be4quXyOxjoP+nA4Bvq0PJqG8UeguCj\njRyb9F2UeMUpQ9neP2zoSWPvnX9PCOlV26sTiEbcLIn1b4U9hfBy3f8faddkOMsY\n7MVxf+ECgYEAxKuqW8wcdLuum7FtCNL5QXGl+nKMxyXMTO1bpRYnJ4PopV8WBUb3\nXISFHlw1eiUNpfDd9yq7XAURsKZyl1TG7roOzHsQttfR8JDeu4m+r62k0+oA9leM\nwqOOO2BHfIfMMJfjtu9VK+MgrvAP7BcdX/qyVVdHq2jorWULR4HaOW8CgYEA55RZ\nF88nM20iQG7jb/k8lk0x4tm8xp6MVyno3Gq5gDSwBbXj4BpYEFosXTXmVllN8WDW\n0IY0iMwqpDoDxFRd/ioS39B84mpNv1MBR5FAi4wqmT5Ds0hG15OBrJAv5zt/EzXf\nd4Jb6Vu4P9LX3sZxkIp72QWfGQYnv1H4dN+ZnesCgYAu38tmvas6l1DygsM+Cyql\nUnUA0DSFcpjS7O+e1TzXyjS01YjmERf70Qn5Rnjod9Rc7J+6vVCSihLBS6qcLvSL\nCYVlbx94tM+wypaLlDUCohxa9bbs/8joyxqnRDdFkwgzvL/lZf2izCuKBmWFG61A\npvvCI19Nl199lEuv618buQKBgDt7BfswkPALiu2jzbUX/jDYuQR8Spl1ZbSJpi7f\nFrBQWBnPYy1PdukUUCrMylHJdFSYO/SpU9sDHby6zfbieJXstpZYFYuOJFQM/Nol\n+78cDGD59ieZW+DJGVh6XGN3C6eigbhPek4Q6d0yyZGFxOuMNk1CvV+PDix84GUc\nfXdrAoGAZaVKBtPWchw8ETAvGBaCzzLEQQssdTwrRYphyklaK6m4wQ0/VSNXo/Fc\nFUJ4yaRA9jVDS9u6pZ/kj2jUxUmgLCNhokU8Urdzrm2trDVUSgqdZpSTas81xYlr\nYTL14oqOAAgVVrbEEQpyIR5u4TOQdIrmhl87zbcYGfrV0yj3J28=\n-----END RSA PRIVATE KEY-----\n",
            "cluster_ca_certificate": "-----BEGIN CERTIFICATE-----\nMIIDBTCCAe2gAwIBAgIIVFFDQhJqtC4wDQYJKoZIhvcNAQELBQAwFTETMBEGA1UE\nAxMKa3ViZXJuZXRlczAeFw0yNjA4MTkwMTQ4MTRaFw0zNjA4MTYwMTUzMTRaMBUx\nEzARBgNVBAMTCmt1YmVybmV0ZXMwggEiMA0GCSqGSIb3DQEBAQUAA4IBDwAwggEK\nAoIBAQC046JxcoBfsipkWZSaKpSH995aJ8GSWJYGLdJ69s0Xh5YxLEHZlYgNiGLE\nPmMqT+B+B/xpf5iG+y1ee2/kkVAVOiIU3/Ct7QZ/dm25dePKzAHmWmSnqz/GwpYc\n0n87ZwUx/qAqKPah9+LWnidNGgKc8Lwq30WIHxX81P040Of3aOQF6quWza4dbxSX\nK+vB3DYcZ3AdDiLhok98CeCN6HsEmrobX0GAz5CpM/LY/MPu+YT8Q7DqAy9xqvN7\n22WfEamW/qIqfRs47juXns0f2nuktgtlCnsRl+Pzkk8Sf6AxVqgVh+XIUFZWxjXU\nA8cSJSyGUt3p6X7n8WuKbz48oWpnAgMBAAGjWTBXMA4GA1UdDwEB/wQEAwICpDAP\nBgNVHRMBAf8EBTADAQH/MB0GA1UdDgQWBBRHfBcsHo+MPY+kGVVv9fKU+mOyBjAV\nBgNVHREEDjAMggprdWJlcm5ldGVzMA0GCSqGSIb3DQEBCwUAA4IBAQCJVxKG/0It\nrj65u1S6NeVsrsjMSvAUGeaAsrxYjDUaQ0G2KUxvJvxp3APguuwlYn1udoqhrsa7\nSPKdgkBsPt0zps+DgmYu8a0cCiukTEuA/KjNpjb8cLwAHhHbeaQEyloNAnDtlBNA\nwvueppb/Uol9y+MzEqqmeG6IJzpXJSNCPGrBEmUEYg6KBIc0LvBi54eu28AiOF4p\nlmQCs1JbRoFzUJVsqcvr2gycwgo8QcuN6Qp4B8R9agUkHQ+wR7FckuGi+8PlwKfa\n+xJmKfb7ysne5+iofKYw5NMTfuFQMiybowtzjT2VSSTOifG07NrsluZ0A9cRrN9A\nXmCjRCSqMTbe\n-----END CERTIFICATE-----\n",
            "completed": true,
            "endpoint": "https://127.0.0.1:51099",
            "id": "oficina-wagyu-",
            "kind_config": [
              {
                "api_version": "kind.x-k8s.io/v1alpha4",
                "containerd_config_patches": null,
                "feature_gates": null,
                "kind": "Cluster",
                "networking": [],
                "node": [
                  {
                    "extra_mounts": [],
                    "extra_port_mappings": [
                      {
                        "container_port": 30080,
                        "host_port": 8080,
                        "listen_address": "",
                        "protocol": "TCP"
                      }
                    ],
                    "image": "",
                    "kubeadm_config_patches": null,
                    "labels": null,
                    "role": "control-plane"
                  },
                  {
                    "extra_mounts": [],
                    "extra_port_mappings": [],
                    "image": "",
                    "kubeadm_config_patches": null,
                    "labels": null,
                    "role": "worker"
                  }
                ],
                "runtime_config": null
              }
            ],
            "kubeconfig": "apiVersion: v1\nclusters:\n- cluster:\n    certificate-authority-data: LS0tLS1CRUdJTiBDRVJUSUZJQ0FURS0tLS0tCk1JSURCVENDQWUyZ0F3SUJBZ0lJVkZGRFFoSnF0QzR3RFFZSktvWklodmNOQVFFTEJRQXdGVEVUTUJFR0ExVUUKQXhNS2EzVmlaWEp1WlhSbGN6QWVGdzB5TmpBNE1Ua3dNVFE0TVRSYUZ3MHpOakE0TVRZd01UVXpNVFJhTUJVeApFekFSQmdOVkJBTVRDbXQxWW1WeWJtVjBaWE13Z2dFaU1BMEdDU3FHU0liM0RRRUJBUVVBQTRJQkR3QXdnZ0VLCkFvSUJBUUMwNDZKeGNvQmZzaXBrV1pTYUtwU0g5OTVhSjhHU1dKWUdMZEo2OXMwWGg1WXhMRUhabFlnTmlHTEUKUG1NcVQrQitCL3hwZjVpRyt5MWVlMi9ra1ZBVk9pSVUzL0N0N1FaL2RtMjVkZVBLekFIbVdtU25xei9Hd3BZYwowbjg3WndVeC9xQXFLUGFoOStMV25pZE5HZ0tjOEx3cTMwV0lIeFg4MVAwNDBPZjNhT1FGNnF1V3phNGRieFNYCksrdkIzRFljWjNBZERpTGhvazk4Q2VDTjZIc0Vtcm9iWDBHQXo1Q3BNL0xZL01QdStZVDhRN0RxQXk5eHF2TjcKMjJXZkVhbVcvcUlxZlJzNDdqdVhuczBmMm51a3RndGxDbnNSbCtQemtrOFNmNkF4VnFnVmgrWElVRlpXeGpYVQpBOGNTSlN5R1V0M3A2WDduOFd1S2J6NDhvV3BuQWdNQkFBR2pXVEJYTUE0R0ExVWREd0VCL3dRRUF3SUNwREFQCkJnTlZIUk1CQWY4RUJUQURBUUgvTUIwR0ExVWREZ1FXQkJSSGZCY3NIbytNUFkra0dWVnY5ZktVK21PeUJqQVYKQmdOVkhSRUVEakFNZ2dwcmRXSmxjbTVsZEdWek1BMEdDU3FHU0liM0RRRUJDd1VBQTRJQkFRQ0pWeEtHLzBJdApyajY1dTFTNk5lVnNyc2pNU3ZBVUdlYUFzcnhZakRVYVEwRzJLVXh2SnZ4cDNBUGd1dXdsWW4xdWRvcWhyc2E3ClNQS2Rna0JzUHQwenBzK0RnbVl1OGEwY0NpdWtURXVBL0tqTnBqYjhjTHdBSGhIYmVhUUV5bG9OQW5EdGxCTkEKd3Z1ZXBwYi9Vb2w5eStNekVxcW1lRzZJSnpwWEpTTkNQR3JCRW1VRVlnNktCSWMwTHZCaTU0ZXUyOEFpT0Y0cApsbVFDczFKYlJvRnpVSlZzcWN2cjJneWN3Z284UWN1TjZRcDRCOFI5YWdVa0hRK3dSN0Zja3VHaSs4UGx3S2ZhCit4Sm1LZmI3eXNuZTUraW9mS1l3NU5NVGZ1RlFNaXlib3d0empUMlZTU1RPaWZHMDdOcnNsdVowQTljUnJOOUEKWG1DalJDU3FNVGJlCi0tLS0tRU5EIENFUlRJRklDQVRFLS0tLS0K\n    server: https://127.0.0.1:51099\n  name: kind-oficina-wagyu\ncontexts:\n- context:\n    cluster: kind-oficina-wagyu\n    user: kind-oficina-wagyu\n  name: kind-oficina-wagyu\ncurrent-context: kind-oficina-wagyu\nkind: Config\nusers:\n- name: kind-oficina-wagyu\n  user:\n    client-certificate-data: LS0tLS1CRUdJTiBDRVJUSUZJQ0FURS0tLS0tCk1JSURLVENDQWhHZ0F3SUJBZ0lJRlUvY0ZhNUhIdFF3RFFZSktvWklodmNOQVFFTEJRQXdGVEVUTUJFR0ExVUUKQXhNS2EzVmlaWEp1WlhSbGN6QWVGdzB5TmpBNE1Ua3dNVFE0TVRSYUZ3MHlOekE0TVRrd01UVXpNVFJhTUR3eApIekFkQmdOVkJBb1RGbXQxWW1WaFpHMDZZMngxYzNSbGNpMWhaRzFwYm5NeEdUQVhCZ05WQkFNVEVHdDFZbVZ5CmJtVjBaWE10WVdSdGFXNHdnZ0VpTUEwR0NTcUdTSWIzRFFFQkFRVUFBNElCRHdBd2dnRUtBb0lCQVFDeDZONXAKU3dyU1owcVNaZUVxVWgrN1lYeDNiNGwvOVpwVE9UQXhNblZ4SjlFdFMzVVdSWk5Kc29LVWJhc0JQZlBhNldOcgpwL3Q2QUQ2aEpEOEJPMDlTYVNLRUF6Wm4rQzRXSDVwYVpOQWI0VThVc28xa05WQU1ld0ZwcG5vUG9SZ1lOWWpXCmhRZVY2Z2poQSthL1cwVDliWjM3M3hqbUt4andIcTVDYjZVdmw3WWJyR01ybGlvUXNwVTByZ1h3RlFGdk14SDcKM0l2c3pWM050RTBYVHZ4dW8xMXg3R2pYL3djRE5LeTJFS1IrcTlMTzcranlyNXFUT0UyWXIyVEJPN3ZqQW9UdgoyUEJiQnZxZ2V1M1gxQk9NN1h1MTA0Rm1XdXQ0N01IZUJaVVdDc1RkY1VCZVorOEVOSUY1bzBsaEZGd1pmd2pKCkhuRkpKbWNxZHdjTTRzdmxBZ01CQUFHalZqQlVNQTRHQTFVZER3RUIvd1FFQXdJRm9EQVRCZ05WSFNVRUREQUsKQmdnckJnRUZCUWNEQWpBTUJnTlZIUk1CQWY4RUFqQUFNQjhHQTFVZEl3UVlNQmFBRkVkOEZ5d2VqNHc5ajZRWgpWVy8xOHBUNlk3SUdNQTBHQ1NxR1NJYjNEUUVCQ3dVQUE0SUJBUUJPZFZsaVI1VGYzK3hlWGZaQ09tVGFTWnd4Ci94UUZreTJ5SzZsaGFKbHRsbGU2MHlmWVU0cVpDbFZpNk5DU2VsR1ZscTFib2JGenlCclNXZ0ozb25scnp3Z0wKT1ZIL0g5blIwQ1l2RWhCTGllRUl2N0JCWFdweEU2RnhndENsdGpyMjhpU0YzZmxTLzNCUGxYc3VYQUx1cEpheQpyU2JHakxqQzAxRS9FKzBCc1NLSFlPa1gwOEg3WUpJODBHMWZsNzZQQjVMTHp5bjlEdUFjejdHRm52bGtnUTdICjFxdkMyMWhDOG9VMVpkbDdwaGZ5WXNuQVpUR3c2c1lZVDl1V0VHRDNnREhuSmY4eFZkT1AzNXhybmZKbVZFdDgKRFppZTJxUXpVaERTZlU3SHViR0REMjROVmFKT052WkI3RzB5NGVWT2MxbUp6UHdHQWQza3JPZXZUdkdoCi0tLS0tRU5EIENFUlRJRklDQVRFLS0tLS0K\n    client-key-data: LS0tLS1CRUdJTiBSU0EgUFJJVkFURSBLRVktLS0tLQpNSUlFb2dJQkFBS0NBUUVBc2VqZWFVc0swbWRLa21YaEtsSWZ1MkY4ZDIrSmYvV2FVemt3TVRKMWNTZlJMVXQxCkZrV1RTYktDbEcyckFUM3oydWxqYTZmN2VnQStvU1EvQVR0UFVta2loQU0yWi9ndUZoK2FXbVRRRytGUEZMS04KWkRWUURIc0JhYVo2RDZFWUdEV0kxb1VIbGVvSTRRUG12MXRFL1cyZCs5OFk1aXNZOEI2dVFtK2xMNWUyRzZ4agpLNVlxRUxLVk5LNEY4QlVCYnpNUis5eUw3TTFkemJSTkYwNzhicU5kY2V4bzEvOEhBelNzdGhDa2ZxdlN6dS9vCjhxK2FremhObUs5a3dUdTc0d0tFNzlqd1d3YjZvSHJ0MTlRVGpPMTd0ZE9CWmxycmVPekIzZ1dWRmdyRTNYRkEKWG1mdkJEU0JlYU5KWVJSY0dYOEl5UjV4U1NabktuY0hET0xMNVFJREFRQUJBb0lCQUFnWnVrYkJDL1VZanVTcgpqdDBHY0R0djdPTGpTVGR5VDF5S3RnOEhaU0dKMXBSaFl5dG9iNVJqZEY2ZHY3T0d4cHVwRk1YS0dFRXQwYXcwCm9rbkVFWkNIQ1BOSjBpaFp2SDkxWU9uTXZVMEhyVG9jQnlRUTZWd29IYUJaM0NUcUNOYlJXVEdyVFBVZWV0a0QKL0hXcUNqSWYwNW1zUnMzMEdHYVdmd2kzWEtZV0JzemhuRWJOK3V3Nzh0bGlpUktoRHB6aENqMFVURTQ3UWxsMApMYWpqelNlY3hSSkdXSVlHNk5YUXcyUUh1YjlwNTh1RDdiZTRxdVh5T3hqb1ArbkE0QnZxMFBKcUc4VWVndUNqCmpSeWI5RjJVZU1VcFE5bmVQMnpvU1dQdm5YOVBDT2xWMjZzVGlFYmNMSW4xYjRVOWhmQnkzZjhmYWRka09Nc1kKN01WeGYrRUNnWUVBeEt1cVc4d2NkTHV1bTdGdENOTDVRWEdsK25LTXh5WE1UTzFicFJZbko0UG9wVjhXQlViMwpYSVNGSGx3MWVpVU5wZkRkOXlxN1hBVVJzS1p5bDFURzdyb096SHNRdHRmUjhKRGV1NG0rcjYyazArb0E5bGVNCndxT09PMkJIZklmTU1KZmp0dTlWSytNZ3J2QVA3QmNkWC9xeVZWZEhxMmpvcldVTFI0SGFPVzhDZ1lFQTU1UloKRjg4bk0yMGlRRzdqYi9rOGxrMHg0dG04eHA2TVZ5bm8zR3E1Z0RTd0JiWGo0QnBZRUZvc1hUWG1WbGxOOFdEVwowSVkwaU13cXBEb0R4RlJkL2lvUzM5Qjg0bXBOdjFNQlI1RkFpNHdxbVQ1RHMwaEcxNU9CckpBdjV6dC9FelhmCmQ0SmI2VnU0UDlMWDNzWnhrSXA3MlFXZkdRWW52MUg0ZE4rWm5lc0NnWUF1Mzh0bXZhczZsMUR5Z3NNK0N5cWwKVW5VQTBEU0ZjcGpTN08rZTFUelh5alMwMVlqbUVSZjcwUW41Um5qb2Q5UmM3Sis2dlZDU2loTEJTNnFjTHZTTApDWVZsYng5NHRNK3d5cGFMbERVQ29oeGE5YmJzLzhqb3l4cW5SRGRGa3dnenZML2xaZjJpekN1S0JtV0ZHNjFBCnB2dkNJMTlObDE5OWxFdXY2MThidVFLQmdEdDdCZnN3a1BBTGl1Mmp6YlVYL2pEWXVRUjhTcGwxWmJTSnBpN2YKRnJCUVdCblBZeTFQZHVrVVVDck15bEhKZEZTWU8vU3BVOXNESGJ5NnpmYmllSlhzdHBaWUZZdU9KRlFNL05vbAorNzhjREdENTlpZVpXK0RKR1ZoNlhHTjNDNmVpZ2JoUGVrNFE2ZDB5eVpHRnhPdU1OazFDdlYrUERpeDg0R1VjCmZYZHJBb0dBWmFWS0J0UFdjaHc4RVRBdkdCYUN6ekxFUVFzc2RUd3JSWXBoeWtsYUs2bTR3UTAvVlNOWG8vRmMKRlVKNHlhUkE5alZEUzl1NnBaL2tqMmpVeFVtZ0xDTmhva1U4VXJkenJtMnRyRFZVU2dxZFpwU1RhczgxeFlscgpZVEwxNG9xT0FBZ1ZWcmJFRVFweUlSNXU0VE9RZElybWhsODd6YmNZR2ZyVjB5ajNKMjg9Ci0tLS0tRU5EIFJTQSBQUklWQVRFIEtFWS0tLS0tCg==\n",
            "kubeconfig_path": "C:\\Users\\roger\\OneDrive\\Área de Trabalho\\FASE 2\\OficinaMecanicaWagyu-fase2-parcial\\OficinaMecanicaWagyu-main\\infra\\oficina-wagyu-config",
            "name": "oficina-wagyu",
            "node_image": null,
            "timeouts": null,
            "wait_for_ready": true
          },
          "sensitive_attributes": [],
          "identity_schema_version": 0,
          "private": "eyJlMmJmYjczMC1lY2FhLTExZTYtOGY4OC0zNDM2M2JjN2M0YzAiOnsiY3JlYXRlIjozMDAwMDAwMDAwMDAsImRlbGV0ZSI6MzAwMDAwMDAwMDAwLCJ1cGRhdGUiOjMwMDAwMDAwMDAwMH19"
        }
      ]
    },
    {
      "mode": "managed",
      "type": "kubernetes_config_map",
      "name": "oficina_api_config",
      "provider": "provider[\"registry.terraform.io/hashicorp/kubernetes\"]",
      "instances": [
        {
          "schema_version": 0,
          "attributes": {
            "binary_data": null,
            "data": {
              "ASPNETCORE_ENVIRONMENT": "Production",
              "ASPNETCORE_URLS": "http://+:8080",
              "SQLSERVER_DATABASE": "OficinaMecanicaDB",
              "SQLSERVER_HOST": "oficina-sqlserver"
            },
            "id": "oficina-wagyu/oficina-api-config",
            "immutable": false,
            "metadata": [
              {
                "annotations": null,
                "generate_name": "",
                "generation": 0,
                "labels": null,
                "name": "oficina-api-config",
                "namespace": "oficina-wagyu",
                "resource_version": "603",
                "uid": "3626ff61-78d3-485d-a12c-6b556861b520"
              }
            ]
          },
          "sensitive_attributes": [],
          "identity_schema_version": 1,
          "identity": {
            "api_version": "v1",
            "kind": "ConfigMap",
            "name": "oficina-api-config",
            "namespace": "oficina-wagyu"
          },
          "private": "bnVsbA==",
          "dependencies": [
            "kind_cluster.oficina",
            "kubernetes_namespace.oficina"
          ]
        }
      ]
    },
    {
      "mode": "managed",
      "type": "kubernetes_namespace",
      "name": "oficina",
      "provider": "provider[\"registry.terraform.io/hashicorp/kubernetes\"]",
      "instances": [
        {
          "schema_version": 0,
          "attributes": {
            "id": "oficina-wagyu",
            "metadata": [
              {
                "annotations": null,
                "generate_name": "",
                "generation": 0,
                "labels": null,
                "name": "oficina-wagyu",
                "resource_version": "596",
                "uid": "733e44a2-c3b9-47c5-9ee4-09a32a9ebbc1"
              }
            ],
            "timeouts": null,
            "wait_for_default_service_account": false
          },
          "sensitive_attributes": [],
          "identity_schema_version": 1,
          "identity": {
            "api_version": "v1",
            "kind": "Namespace",
            "name": "oficina-wagyu"
          },
          "private": "eyJlMmJmYjczMC1lY2FhLTExZTYtOGY4OC0zNDM2M2JjN2M0YzAiOnsiZGVsZXRlIjozMDAwMDAwMDAwMDB9fQ==",
          "dependencies": [
            "kind_cluster.oficina"
          ]
        }
      ]
    },
    {
      "mode": "managed",
      "type": "kubernetes_secret",
      "name": "oficina_api_secret",
      "provider": "provider[\"registry.terraform.io/hashicorp/kubernetes\"]",
      "instances": [
        {
          "schema_version": 0,
          "attributes": {
            "binary_data": null,
            "binary_data_wo": null,
            "binary_data_wo_revision": null,
            "data": {
              "ConnectionStrings__DefaultConnection": "Server=oficina-sqlserver,1433;Database=OficinaMecanicaDB;User Id=sa;Password=Oficina@1234;TrustServerCertificate=True;MultipleActiveResultSets=true",
              "EmailWebhook__Secret": "webhook-secret-local-dev-troque-em-producao",
              "SA_PASSWORD": "Oficina@1234"
            },
            "data_wo": null,
            "data_wo_revision": null,
            "id": "oficina-wagyu/oficina-api-secret",
            "immutable": false,
            "metadata": [
              {
                "annotations": null,
                "generate_name": "",
                "generation": 0,
                "labels": null,
                "name": "oficina-api-secret",
                "namespace": "oficina-wagyu",
                "resource_version": "602",
                "uid": "ec5496e6-7f59-4c96-a0b5-1172eeccabeb"
              }
            ],
            "timeouts": null,
            "type": "Opaque",
            "wait_for_service_account_token": true
          },
          "sensitive_attributes": [
            [
              {
                "type": "get_attr",
                "value": "binary_data"
              }
            ],
            [
              {
                "type": "get_attr",
                "value": "data"
              }
            ],
            [
              {
                "type": "get_attr",
                "value": "data"
              },
              {
                "type": "index",
                "value": {
                  "value": "ConnectionStrings__DefaultConnection",
                  "type": "string"
                }
              }
            ],
            [
              {
                "type": "get_attr",
                "value": "data"
              },
              {
                "type": "index",
                "value": {
                  "value": "EmailWebhook__Secret",
                  "type": "string"
                }
              }
            ],
            [
              {
                "type": "get_attr",
                "value": "data"
              },
              {
                "type": "index",
                "value": {
                  "value": "SA_PASSWORD",
                  "type": "string"
                }
              }
            ]
          ],
          "identity_schema_version": 1,
          "identity": {
            "api_version": "v1",
            "kind": "Secret",
            "name": "oficina-api-secret",
            "namespace": "oficina-wagyu"
          },
          "private": "eyJlMmJmYjczMC1lY2FhLTExZTYtOGY4OC0zNDM2M2JjN2M0YzAiOnsiY3JlYXRlIjo2MDAwMDAwMDAwMH19",
          "dependencies": [
            "kind_cluster.oficina",
            "kubernetes_namespace.oficina"
          ]
        }
      ]
    },
    {
      "mode": "managed",
      "type": "kubernetes_service",
      "name": "sqlserver",
      "provider": "provider[\"registry.terraform.io/hashicorp/kubernetes\"]",
      "instances": [
        {
          "schema_version": 1,
          "attributes": {
            "id": "oficina-wagyu/oficina-sqlserver",
            "metadata": [
              {
                "annotations": null,
                "generate_name": "",
                "generation": 0,
                "labels": null,
                "name": "oficina-sqlserver",
                "namespace": "oficina-wagyu",
                "resource_version": "604",
                "uid": "ca474d08-92cb-4338-9341-078f2baa6e46"
              }
            ],
            "spec": [
              {
                "allocate_load_balancer_node_ports": true,
                "cluster_ip": "None",
                "cluster_ips": [
                  "None"
                ],
                "external_ips": null,
                "external_name": "",
                "external_traffic_policy": "",
                "health_check_node_port": 0,
                "internal_traffic_policy": "Cluster",
                "ip_families": [
                  "IPv4"
                ],
                "ip_family_policy": "SingleStack",
                "load_balancer_class": "",
                "load_balancer_ip": "",
                "load_balancer_source_ranges": null,
                "port": [
                  {
                    "app_protocol": "",
                    "name": "",
                    "node_port": 0,
                    "port": 1433,
                    "protocol": "TCP",
                    "target_port": "1433"
                  }
                ],
                "publish_not_ready_addresses": false,
                "selector": {
                  "app": "oficina-sqlserver"
                },
                "session_affinity": "None",
                "session_affinity_config": [],
                "type": "ClusterIP"
              }
            ],
            "status": [
              {
                "load_balancer": [
                  {
                    "ingress": []
                  }
                ]
              }
            ],
            "timeouts": null,
            "wait_for_load_balancer": true
          },
          "sensitive_attributes": [],
          "identity_schema_version": 1,
          "identity": {
            "api_version": "v1",
            "kind": "Service",
            "name": "oficina-sqlserver",
            "namespace": "oficina-wagyu"
          },
          "private": "eyJlMmJmYjczMC1lY2FhLTExZTYtOGY4OC0zNDM2M2JjN2M0YzAiOnsiY3JlYXRlIjo2MDAwMDAwMDAwMDB9LCJzY2hlbWFfdmVyc2lvbiI6IjEifQ==",
          "dependencies": [
            "kind_cluster.oficina",
            "kubernetes_namespace.oficina"
          ]
        }
      ]
    },
    {
      "mode": "managed",
      "type": "kubernetes_stateful_set",
      "name": "sqlserver",
      "provider": "provider[\"registry.terraform.io/hashicorp/kubernetes\"]",
      "instances": [
        {
          "schema_version": 1,
          "attributes": {
            "id": "oficina-wagyu/oficina-sqlserver",
            "metadata": [
              {
                "annotations": null,
                "generate_name": "",
                "generation": 1,
                "labels": null,
                "name": "oficina-sqlserver",
                "namespace": "oficina-wagyu",
                "resource_version": "868",
                "uid": "ee045cb6-45c9-49fe-bf23-4d281174c831"
              }
            ],
            "spec": [
              {
                "min_ready_seconds": 0,
                "persistent_volume_claim_retention_policy": [
                  {
                    "when_deleted": "Retain",
                    "when_scaled": "Retain"
                  }
                ],
                "pod_management_policy": "OrderedReady",
                "replicas": "1",
                "revision_history_limit": 0,
                "selector": [
                  {
                    "match_expressions": [],
                    "match_labels": {
                      "app": "oficina-sqlserver"
                    }
                  }
                ],
                "service_name": "oficina-sqlserver",
                "template": [
                  {
                    "metadata": [
                      {
                        "annotations": null,
                        "generate_name": "",
                        "generation": 0,
                        "labels": {
                          "app": "oficina-sqlserver"
                        },
                        "name": "",
                        "namespace": "",
                        "resource_version": "",
                        "uid": ""
                      }
                    ],
                    "spec": [
                      {
                        "active_deadline_seconds": 0,
                        "affinity": [],
                        "automount_service_account_token": true,
                        "container": [
                          {
                            "args": null,
                            "command": null,
                            "env": [
                              {
                                "name": "ACCEPT_EULA",
                                "value": "Y",
                                "value_from": []
                              },
                              {
                                "name": "MSSQL_SA_PASSWORD",
                                "value": "",
                                "value_from": [
                                  {
                                    "config_map_key_ref": [],
                                    "field_ref": [],
                                    "resource_field_ref": [],
                                    "secret_key_ref": [
                                      {
                                        "key": "SA_PASSWORD",
                                        "name": "oficina-api-secret",
                                        "optional": false
                                      }
                                    ]
                                  }
                                ]
                              }
                            ],
                            "env_from": [],
                            "image": "mcr.microsoft.com/mssql/server:2022-latest",
                            "image_pull_policy": "IfNotPresent",
                            "lifecycle": [],
                            "liveness_probe": [],
                            "name": "sqlserver",
                            "port": [
                              {
                                "container_port": 1433,
                                "host_ip": "",
                                "host_port": 0,
                                "name": "",
                                "protocol": "TCP"
                              }
                            ],
                            "readiness_probe": [],
                            "resources": [
                              {
                                "limits": {
                                  "cpu": "1",
                                  "memory": "2Gi"
                                },
                                "requests": {
                                  "cpu": "250m",
                                  "memory": "1Gi"
                                }
                              }
                            ],
                            "security_context": [],
                            "startup_probe": [],
                            "stdin": false,
                            "stdin_once": false,
                            "termination_message_path": "/dev/termination-log",
                            "termination_message_policy": "File",
                            "tty": false,
                            "volume_device": [],
                            "volume_mount": [
                              {
                                "mount_path": "/var/opt/mssql",
                                "mount_propagation": "None",
                                "name": "sqlserver-data",
                                "read_only": false,
                                "sub_path": "",
                                "sub_path_expr": ""
                              }
                            ],
                            "working_dir": ""
                          }
                        ],
                        "dns_config": [],
                        "dns_policy": "ClusterFirst",
                        "enable_service_links": true,
                        "host_aliases": [],
                        "host_ipc": false,
                        "host_network": false,
                        "host_pid": false,
                        "hostname": "",
                        "image_pull_secrets": [],
                        "init_container": [],
                        "node_name": "",
                        "node_selector": null,
                        "os": [],
                        "priority_class_name": "",
                        "readiness_gate": [],
                        "restart_policy": "Always",
                        "runtime_class_name": "",
                        "scheduler_name": "default-scheduler",
                        "security_context": [],
                        "service_account_name": "",
                        "share_process_namespace": false,
                        "subdomain": "",
                        "termination_grace_period_seconds": 30,
                        "toleration": [],
                        "topology_spread_constraint": [],
                        "volume": []
                      }
                    ]
                  }
                ],
                "update_strategy": [],
                "volume_claim_template": [
                  {
                    "metadata": [
                      {
                        "annotations": null,
                        "generate_name": "",
                        "generation": 0,
                        "labels": null,
                        "name": "sqlserver-data",
                        "namespace": "default",
                        "resource_version": "",
                        "uid": ""
                      }
                    ],
                    "spec": [
                      {
                        "access_modes": [
                          "ReadWriteOnce"
                        ],
                        "resources": [
                          {
                            "limits": null,
                            "requests": {
                              "storage": "2Gi"
                            }
                          }
                        ],
                        "selector": [],
                        "storage_class_name": "",
                        "volume_mode": "Filesystem",
                        "volume_name": ""
                      }
                    ]
                  }
                ]
              }
            ],
            "timeouts": null,
            "wait_for_rollout": true
          },
          "sensitive_attributes": [],
          "identity_schema_version": 1,
          "identity": {
            "api_version": "apps/v1",
            "kind": "StatefulSet",
            "name": "oficina-sqlserver",
            "namespace": "oficina-wagyu"
          },
          "private": "eyJlMmJmYjczMC1lY2FhLTExZTYtOGY4OC0zNDM2M2JjN2M0YzAiOnsiY3JlYXRlIjo2MDAwMDAwMDAwMDAsImRlbGV0ZSI6NjAwMDAwMDAwMDAwLCJyZWFkIjo2MDAwMDAwMDAwMDAsInVwZGF0ZSI6NjAwMDAwMDAwMDAwfSwic2NoZW1hX3ZlcnNpb24iOiIxIn0=",
          "dependencies": [
            "kind_cluster.oficina",
            "kubernetes_namespace.oficina",
            "kubernetes_secret.oficina_api_secret"
          ]
        }
      ]
    }
  ],
  "check_results": null
}
